
Microsoft Visual Studio Solution File, Format Version 12.00
# Visual Studio Version 16
VisualStudioVersion = 16.0.31729.503
MinimumVisualStudioVersion = 10.0.40219.1
Project("{9A19103F-16F7-4668-BE54-9A1E7A4F7556}") = "AdminAPI", "InjoyplanAPI\AdminAPI.csproj", "{C8517A0A-FFFB-417D-B329-9C6613863969}"
EndProject
Project("{9A19103F-16F7-4668-BE54-9A1E7A4F7556}") = "API", "API\API.csproj", "{6F616A50-CB80-4D6B-AA7C-CDA794DA15AD}"
EndProject
Project("{9A19103F-16F7-4668-BE54-9A1E7A4F7556}") = "API.Application", "API.Application\API.Application.csproj", "{FDB6FD74-0924-4BCC-B29E-46DD18565F65}"
EndProject
Project("{9A19103F-16F7-4668-BE54-9A1E7A4F7556}") = "API.Domain", "API.Domain\API.Domain.csproj", "{DDE22D07-93FE-49BC-A1CB-DBAB50AD8524}"
EndProject
Project("{9A19103F-16F7-4668-BE54-9A1E7A4F7556}") = "API.Infraestructure", "API.Infraestructure\API.Infraestructure.csproj", "{B825D88F-7E92-400F-B23D-08DC58A7CEE8}"
EndProject
Project("{9A19103F-16F7-4668-BE54-9A1E7A4F7556}") = "API.Shared", "API.Shared\API.Shared.csproj", "{41335736-9E9B-4427-BC3B-E5808F6D07A3}"
EndProject
Project("{9A19103F-16F7-4668-BE54-9A1E7A4F7556}") = "Dapper.Mapper", "Dapper.Mapper\Dapper.Mapper.csproj", "{D1772686-5BD2-4D4F-8F3E-F922767D330A}"
EndProject
Project("{FAE04EC0-301F-11D3-BF4B-00C04F79EFBC}") = "injoyplan.API", "injoyplan.API\injoyplan.API.csproj", "{B92A9746-00A0-4258-BFEB-5C0E1799F8E0}"
EndProject
Global
	GlobalSection(SolutionConfigurationPlatforms) = preSolution
		Debug|Any CPU = Debug|Any CPU
		Release|Any CPU = Release|Any CPU
	EndGlobalSection
	GlobalSection(ProjectConfigurationPlatforms) = postSolution
		{C8517A0A-FFFB-417D-B329-9C6613863969}.Debug|Any CPU.ActiveCfg = Debug|Any CPU
		{C8517A0A-FFFB-417D-B329-9C6613863969}.Debug|Any CPU.Build.0 = Debug|Any CPU
		{C8517A0A-FFFB-417D-B329-9C6613863969}.Release|Any CPU.ActiveCfg = Release|Any CPU
		{C8517A0A-FFFB-417D-B329-9C6613863969}.Release|Any CPU.Build.0 = Release|Any CPU
		{6F616A50-CB80-4D6B-AA7C-CDA794DA15AD}.Debug|Any CPU.ActiveCfg = Debug|Any CPU
		{6F616A50-CB80-4D6B-AA7C-CDA794DA15AD}.Debug|Any CPU.Build.0 = Debug|Any CPU
		{6F616A50-CB80-4D6B-AA7C-CDA794DA15AD}.Release|Any CPU.ActiveCfg = Release|Any CPU
		{6F616A50-CB80-4D6B-AA7C-CDA794DA15AD}.Release|Any CPU.Build.0 = Release|Any CPU
		{FDB6FD74-0924-4BCC-B29E-46DD18565F65}.Debug|Any CPU.ActiveCfg = Debug|Any CPU
		{FDB6FD74-0924-4BCC-B29E-46DD18565F65}.Debug|Any CPU.Build.0 = Debug|Any CPU
		{FDB6FD74-0924-4BCC-B29E-46DD18565F65}.Release|Any CPU.ActiveCfg = Release|Any CPU
		{FDB6FD74-0924-4BCC-B29E-46DD18565F65}.Release|Any CPU.Build.0 = Release|Any CPU
		{DDE22D07-93FE-49BC-A1CB-DBAB50AD8524}.Debug|Any CPU.ActiveCfg = Debug|Any CPU
		{DDE22D07-93FE-49BC-A1CB-DBAB50AD8524}.Debug|Any CPU.Build.0 = Debug|Any CPU
		{DDE22D07-93FE-49BC-A1CB-DBAB50AD8524}.Release|Any CPU.ActiveCfg = Release|Any CPU
		{DDE22D07-93FE-49BC-A1CB-DBAB50AD8524}.Release|Any CPU.Build.0 = Release|Any CPU
		{B825D88F-7E92-400F-B23D-08DC58A7CEE8}.Debug|Any CPU.ActiveCfg = Debug|Any CPU
		{B825D88F-7E92-400F-B23D-08DC58A7CEE8}.Debug|Any CPU.Build.0 = Debug|Any CPU
		{B825D88F-7E92-400F-B23D-08DC58A7CEE8}.Release|Any CPU.ActiveCfg = Release|Any CPU
		{B825D88F-7E92-400F-B23D-08DC58A7CEE8}.Release|Any CPU.Build.0 = Release|Any CPU
		{41335736-9E9B-4427-BC3B-E5808F6D07A3}.Debug|Any CPU.ActiveCfg = Debug|Any CPU
		{41335736-9E9B-4427-BC3B-E5808F6D07A3}.Debug|Any CPU.Build.0 = Debug|Any CPU
		{41335736-9E9B-4427-BC3B-E5808F6D07A3}.Release|Any CPU.ActiveCfg = Release|Any CPU
		{41335736-9E9B-4427-BC3B-E5808F6D07A3}.Release|Any CPU.Build.0 = Release|Any CPU
		{D1772686-5BD2-4D4F-8F3E-F922767D330A}.Debug|Any CPU.ActiveCfg = Debug|Any CPU
		{D1772686-5BD2-4D4F-8F3E-F922767D330A}.Debug|Any CPU.Build.0 = Debug|Any CPU
		{D1772686-5BD2-4D4F-8F3E-F922767D330A}.Release|Any CPU.ActiveCfg = Release|Any CPU
		{D1772686-5BD2-4D4F-8F3E-F922767D330A}.Release|Any CPU.Build.0 = Release|Any CPU
		{B92A9746-00A0-4258-BFEB-5C0E1799F8E0}.Debug|Any CPU.ActiveCfg = Debug|Any CPU
		{B92A9746-00A0-4258-BFEB-5C0E1799F8E0}.Debug|Any CPU.Build.0 = Debug|Any CPU
		{B92A9746-00A0-4258-BFEB-5C0E1799F8E0}.Release|Any CPU.ActiveCfg = Release|Any CPU
		{B92A9746-00A0-4258-BFEB-5C0E1799F8E0}.Release|Any CPU.Build.0 = Release|Any CPU
	EndGlobalSection
	GlobalSection(SolutionProperties) = preSolution
		HideSolutionNode = FALSE
	EndGlobalSection
	GlobalSection(ExtensibilityGlobals) = postSolution
		SolutionGuid = {BBB34742-1FD8-488A-BFFC-742AE2C5890A}
	EndGlobalSection
EndGlobal
